
Microsoft Visual Studio Solution File, Format Version 12.00
# Visual Studio 15
Project("{FAE04EC0-301F-11D3-BF4B-00C04F79EFBC}") = "Assembly-CSharp", "Assembly-CSharp.csproj", "{AEF21D49-C32C-3A81-76C1-459C9DE49406}"
EndProject
Global
	GlobalSection(SolutionConfigurationPlatforms) = preSolution
		Debug|Any CPU = Debug|Any CPU
		Release|Any CPU = Release|Any CPU
	EndGlobalSection
	GlobalSection(ProjectConfigurationPlatforms) = postSolution
		{AEF21D49-C32C-3A81-76C1-459C9DE49406}.Debug|Any CPU.ActiveCfg = Debug|Any CPU
		{AEF21D49-C32C-3A81-76C1-459C9DE49406}.Debug|Any CPU.Build.0 = Debug|Any CPU
		{AEF21D49-C32C-3A81-76C1-459C9DE49406}.Release|Any CPU.ActiveCfg = Release|Any CPU
		{AEF21D49-C32C-3A81-76C1-459C9DE49406}.Release|Any CPU.Build.0 = Release|Any CPU
	EndGlobalSection
	GlobalSection(SolutionProperties) = preSolution
		HideSolutionNode = FALSE
	EndGlobalSection
EndGlobal
